
Microsoft Visual Studio Solution File, Format Version 12.00
# Visual Studio Version 17
VisualStudioVersion = 17.11.35312.102
MinimumVisualStudioVersion = 10.0.40219.1
Project("{2150E333-8FDC-42A3-9474-1A3956D46DE8}") = "Task0", "Task0", "{F20561E1-0A54-4348-9731-7FD244515181}"
EndProject
Project("{9A19103F-16F7-4668-BE54-9A1E7A4F7556}") = "Tyuiu.KhudoiberdievDB.Sprint6.Task0.V10.Lib", "Tyuiu.KhudoiberdievDB.Sprint6.Task0.V10.Lib\Tyuiu.KhudoiberdievDB.Sprint6.Task0.V10.Lib.csproj", "{B85E5C21-8C6F-4548-A013-34507F1C875B}"
EndProject
Project("{9A19103F-16F7-4668-BE54-9A1E7A4F7556}") = "Tyuiu.KhudoiberdievDB.Sprint6.Task0.V10.Test", "Tyuiu.KhudoiberdievDB.Sprint6.Task0.V10.Test\Tyuiu.KhudoiberdievDB.Sprint6.Task0.V10.Test.csproj", "{D58D7B67-A3F7-48B6-8B2C-4143A42213C7}"
EndProject
Project("{9A19103F-16F7-4668-BE54-9A1E7A4F7556}") = "Tyuiu.KhudoiberdievDB.Sprint6.Task0.V10", "Tyuiu.KhudoiberdievDB.Sprint6.Task0.V10\Tyuiu.KhudoiberdievDB.Sprint6.Task0.V10.csproj", "{DAD22D15-3662-4616-8B54-A347B2B20F1B}"
EndProject
Project("{2150E333-8FDC-42A3-9474-1A3956D46DE8}") = "Task1", "Task1", "{FA6B2F43-88E7-43EE-A970-35C6CF0556BC}"
EndProject
Project("{9A19103F-16F7-4668-BE54-9A1E7A4F7556}") = "Tyuiu.KhudoiberdievDB.Sprint6.Task1.V21.Lib", "Tyuiu.KhudoiberdievDB.Sprint6.Task1.V21.Lib\Tyuiu.KhudoiberdievDB.Sprint6.Task1.V21.Lib.csproj", "{F0E5C8E6-BDEB-42ED-964B-4025F4652539}"
EndProject
Project("{9A19103F-16F7-4668-BE54-9A1E7A4F7556}") = "Tyuiu.KhudoiberdievDB.Sprint6.Task1.V21.Test", "Tyuiu.KhudoiberdievDB.Sprint6.Task1.V21.Test\Tyuiu.KhudoiberdievDB.Sprint6.Task1.V21.Test.csproj", "{57459A22-30DE-4E03-8C03-922872D9A2E5}"
EndProject
Project("{9A19103F-16F7-4668-BE54-9A1E7A4F7556}") = "Tyuiu.KhudoiberdievDB.Sprint6.Task1.V21", "Tyuiu.KhudoiberdievDB.Sprint6.Task1.V21\Tyuiu.KhudoiberdievDB.Sprint6.Task1.V21.csproj", "{BF87F93C-2B45-4983-85F3-16F6A2FD4CAF}"
EndProject
Project("{2150E333-8FDC-42A3-9474-1A3956D46DE8}") = "Task2", "Task2", "{DBD73B3B-E6A7-4005-A7B6-937280EB65B5}"
EndProject
Project("{9A19103F-16F7-4668-BE54-9A1E7A4F7556}") = "Tyuiu.KhudoiberdievDB.Sprint6.Task2.V24.Lib", "Tyuiu.KhudoiberdievDB.Sprint6.Task2.V24.Lib\Tyuiu.KhudoiberdievDB.Sprint6.Task2.V24.Lib.csproj", "{8574E66A-3B8E-4B9A-BCEE-80E50C4A191C}"
EndProject
Project("{9A19103F-16F7-4668-BE54-9A1E7A4F7556}") = "Tyuiu.KhudoiberdievDB.Sprint6.Task2.V24.Test", "Tyuiu.KhudoiberdievDB.Sprint6.Task2.V24.Test\Tyuiu.KhudoiberdievDB.Sprint6.Task2.V24.Test.csproj", "{747D86B6-DD6C-4F8D-8938-545D4D8E9401}"
EndProject
Project("{9A19103F-16F7-4668-BE54-9A1E7A4F7556}") = "Tyuiu.KhudoiberdievDB.Sprint6.Task2.V24", "Tyuiu.KhudoiberdievDB.Sprint6.Task2.V24\Tyuiu.KhudoiberdievDB.Sprint6.Task2.V24.csproj", "{A9A3D9FF-F10F-4FBF-94C8-6D692E55CCEE}"
EndProject
Project("{2150E333-8FDC-42A3-9474-1A3956D46DE8}") = "Task3", "Task3", "{401AD516-8C63-4E33-B861-F51277024F96}"
EndProject
Project("{FAE04EC0-301F-11D3-BF4B-00C04F79EFBC}") = "Tyuiu.KhudoiberdievDB.Sprint6.Task3.V16.Lib", "Tyuiu.KhudoiberdievDB.Sprint6.Task3.V16.Lib\Tyuiu.KhudoiberdievDB.Sprint6.Task3.V16.Lib.csproj", "{FF17CB4B-AFAC-4DBE-8AC2-96B13AADC78B}"
EndProject
Project("{FAE04EC0-301F-11D3-BF4B-00C04F79EFBC}") = "Tyuiu.KhudoiberdievDB.Sprint6.Task3.V16.Test", "Tyuiu.KhudoiberdievDB.Sprint6.Task3.V16.Test\Tyuiu.KhudoiberdievDB.Sprint6.Task3.V16.Test.csproj", "{3C4F521E-FF34-4868-B251-67EDBBA08779}"
EndProject
Project("{FAE04EC0-301F-11D3-BF4B-00C04F79EFBC}") = "Tyuiu.KhudoiberdievDB.Sprint6.Task3.V16", "Tyuiu.KhudoiberdievDB.Sprint6.Task3.V16\Tyuiu.KhudoiberdievDB.Sprint6.Task3.V16.csproj", "{C5621A8D-C96C-4B03-8712-A88A50BA3152}"
EndProject
Global
	GlobalSection(SolutionConfigurationPlatforms) = preSolution
		Debug|Any CPU = Debug|Any CPU
		Release|Any CPU = Release|Any CPU
	EndGlobalSection
	GlobalSection(ProjectConfigurationPlatforms) = postSolution
		{B85E5C21-8C6F-4548-A013-34507F1C875B}.Debug|Any CPU.ActiveCfg = Debug|Any CPU
		{B85E5C21-8C6F-4548-A013-34507F1C875B}.Debug|Any CPU.Build.0 = Debug|Any CPU
		{B85E5C21-8C6F-4548-A013-34507F1C875B}.Release|Any CPU.ActiveCfg = Release|Any CPU
		{B85E5C21-8C6F-4548-A013-34507F1C875B}.Release|Any CPU.Build.0 = Release|Any CPU
		{D58D7B67-A3F7-48B6-8B2C-4143A42213C7}.Debug|Any CPU.ActiveCfg = Debug|Any CPU
		{D58D7B67-A3F7-48B6-8B2C-4143A42213C7}.Debug|Any CPU.Build.0 = Debug|Any CPU
		{D58D7B67-A3F7-48B6-8B2C-4143A42213C7}.Release|Any CPU.ActiveCfg = Release|Any CPU
		{D58D7B67-A3F7-48B6-8B2C-4143A42213C7}.Release|Any CPU.Build.0 = Release|Any CPU
		{DAD22D15-3662-4616-8B54-A347B2B20F1B}.Debug|Any CPU.ActiveCfg = Debug|Any CPU
		{DAD22D15-3662-4616-8B54-A347B2B20F1B}.Debug|Any CPU.Build.0 = Debug|Any CPU
		{DAD22D15-3662-4616-8B54-A347B2B20F1B}.Release|Any CPU.ActiveCfg = Release|Any CPU
		{DAD22D15-3662-4616-8B54-A347B2B20F1B}.Release|Any CPU.Build.0 = Release|Any CPU
		{F0E5C8E6-BDEB-42ED-964B-4025F4652539}.Debug|Any CPU.ActiveCfg = Debug|Any CPU
		{F0E5C8E6-BDEB-42ED-964B-4025F4652539}.Debug|Any CPU.Build.0 = Debug|Any CPU
		{F0E5C8E6-BDEB-42ED-964B-4025F4652539}.Release|Any CPU.ActiveCfg = Release|Any CPU
		{F0E5C8E6-BDEB-42ED-964B-4025F4652539}.Release|Any CPU.Build.0 = Release|Any CPU
		{57459A22-30DE-4E03-8C03-922872D9A2E5}.Debug|Any CPU.ActiveCfg = Debug|Any CPU
		{57459A22-30DE-4E03-8C03-922872D9A2E5}.Debug|Any CPU.Build.0 = Debug|Any CPU
		{57459A22-30DE-4E03-8C03-922872D9A2E5}.Release|Any CPU.ActiveCfg = Release|Any CPU
		{57459A22-30DE-4E03-8C03-922872D9A2E5}.Release|Any CPU.Build.0 = Release|Any CPU
		{BF87F93C-2B45-4983-85F3-16F6A2FD4CAF}.Debug|Any CPU.ActiveCfg = Debug|Any CPU
		{BF87F93C-2B45-4983-85F3-16F6A2FD4CAF}.Debug|Any CPU.Build.0 = Debug|Any CPU
		{BF87F93C-2B45-4983-85F3-16F6A2FD4CAF}.Release|Any CPU.ActiveCfg = Release|Any CPU
		{BF87F93C-2B45-4983-85F3-16F6A2FD4CAF}.Release|Any CPU.Build.0 = Release|Any CPU
		{8574E66A-3B8E-4B9A-BCEE-80E50C4A191C}.Debug|Any CPU.ActiveCfg = Debug|Any CPU
		{8574E66A-3B8E-4B9A-BCEE-80E50C4A191C}.Debug|Any CPU.Build.0 = Debug|Any CPU
		{8574E66A-3B8E-4B9A-BCEE-80E50C4A191C}.Release|Any CPU.ActiveCfg = Release|Any CPU
		{8574E66A-3B8E-4B9A-BCEE-80E50C4A191C}.Release|Any CPU.Build.0 = Release|Any CPU
		{747D86B6-DD6C-4F8D-8938-545D4D8E9401}.Debug|Any CPU.ActiveCfg = Debug|Any CPU
		{747D86B6-DD6C-4F8D-8938-545D4D8E9401}.Debug|Any CPU.Build.0 = Debug|Any CPU
		{747D86B6-DD6C-4F8D-8938-545D4D8E9401}.Release|Any CPU.ActiveCfg = Release|Any CPU
		{747D86B6-DD6C-4F8D-8938-545D4D8E9401}.Release|Any CPU.Build.0 = Release|Any CPU
		{A9A3D9FF-F10F-4FBF-94C8-6D692E55CCEE}.Debug|Any CPU.ActiveCfg = Debug|Any CPU
		{A9A3D9FF-F10F-4FBF-94C8-6D692E55CCEE}.Debug|Any CPU.Build.0 = Debug|Any CPU
		{A9A3D9FF-F10F-4FBF-94C8-6D692E55CCEE}.Release|Any CPU.ActiveCfg = Release|Any CPU
		{A9A3D9FF-F10F-4FBF-94C8-6D692E55CCEE}.Release|Any CPU.Build.0 = Release|Any CPU
		{FF17CB4B-AFAC-4DBE-8AC2-96B13AADC78B}.Debug|Any CPU.ActiveCfg = Debug|Any CPU
		{FF17CB4B-AFAC-4DBE-8AC2-96B13AADC78B}.Debug|Any CPU.Build.0 = Debug|Any CPU
		{FF17CB4B-AFAC-4DBE-8AC2-96B13AADC78B}.Release|Any CPU.ActiveCfg = Release|Any CPU
		{FF17CB4B-AFAC-4DBE-8AC2-96B13AADC78B}.Release|Any CPU.Build.0 = Release|Any CPU
		{3C4F521E-FF34-4868-B251-67EDBBA08779}.Debug|Any CPU.ActiveCfg = Debug|Any CPU
		{3C4F521E-FF34-4868-B251-67EDBBA08779}.Debug|Any CPU.Build.0 = Debug|Any CPU
		{3C4F521E-FF34-4868-B251-67EDBBA08779}.Release|Any CPU.ActiveCfg = Release|Any CPU
		{3C4F521E-FF34-4868-B251-67EDBBA08779}.Release|Any CPU.Build.0 = Release|Any CPU
		{C5621A8D-C96C-4B03-8712-A88A50BA3152}.Debug|Any CPU.ActiveCfg = Debug|Any CPU
		{C5621A8D-C96C-4B03-8712-A88A50BA3152}.Debug|Any CPU.Build.0 = Debug|Any CPU
		{C5621A8D-C96C-4B03-8712-A88A50BA3152}.Release|Any CPU.ActiveCfg = Release|Any CPU
		{C5621A8D-C96C-4B03-8712-A88A50BA3152}.Release|Any CPU.Build.0 = Release|Any CPU
	EndGlobalSection
	GlobalSection(SolutionProperties) = preSolution
		HideSolutionNode = FALSE
	EndGlobalSection
	GlobalSection(NestedProjects) = preSolution
		{B85E5C21-8C6F-4548-A013-34507F1C875B} = {F20561E1-0A54-4348-9731-7FD244515181}
		{D58D7B67-A3F7-48B6-8B2C-4143A42213C7} = {F20561E1-0A54-4348-9731-7FD244515181}
		{DAD22D15-3662-4616-8B54-A347B2B20F1B} = {F20561E1-0A54-4348-9731-7FD244515181}
		{F0E5C8E6-BDEB-42ED-964B-4025F4652539} = {FA6B2F43-88E7-43EE-A970-35C6CF0556BC}
		{57459A22-30DE-4E03-8C03-922872D9A2E5} = {FA6B2F43-88E7-43EE-A970-35C6CF0556BC}
		{BF87F93C-2B45-4983-85F3-16F6A2FD4CAF} = {FA6B2F43-88E7-43EE-A970-35C6CF0556BC}
		{8574E66A-3B8E-4B9A-BCEE-80E50C4A191C} = {DBD73B3B-E6A7-4005-A7B6-937280EB65B5}
		{747D86B6-DD6C-4F8D-8938-545D4D8E9401} = {DBD73B3B-E6A7-4005-A7B6-937280EB65B5}
		{A9A3D9FF-F10F-4FBF-94C8-6D692E55CCEE} = {DBD73B3B-E6A7-4005-A7B6-937280EB65B5}
		{FF17CB4B-AFAC-4DBE-8AC2-96B13AADC78B} = {401AD516-8C63-4E33-B861-F51277024F96}
		{3C4F521E-FF34-4868-B251-67EDBBA08779} = {401AD516-8C63-4E33-B861-F51277024F96}
		{C5621A8D-C96C-4B03-8712-A88A50BA3152} = {401AD516-8C63-4E33-B861-F51277024F96}
	EndGlobalSection
	GlobalSection(ExtensibilityGlobals) = postSolution
		SolutionGuid = {2383D746-714A-467A-BD64-D363BAA57661}
	EndGlobalSection
EndGlobal
